
Microsoft Visual Studio Solution File, Format Version 12.00
# Visual Studio Version 16
VisualStudioVersion = 16.0.30611.23
MinimumVisualStudioVersion = 10.0.40219.1
Project("{FAE04EC0-301F-11D3-BF4B-00C04F79EFBC}") = "mysampleapplication", "mysampleapplication\mysampleapplication.csproj", "{14F56C44-3ECB-4822-9B23-B8B4A6BBF034}"
EndProject
Global
	GlobalSection(SolutionConfigurationPlatforms) = preSolution
		Debug|Any CPU = Debug|Any CPU
		Release|Any CPU = Release|Any CPU
	EndGlobalSection
	GlobalSection(ProjectConfigurationPlatforms) = postSolution
		{14F56C44-3ECB-4822-9B23-B8B4A6BBF034}.Debug|Any CPU.ActiveCfg = Debug|Any CPU
		{14F56C44-3ECB-4822-9B23-B8B4A6BBF034}.Debug|Any CPU.Build.0 = Debug|Any CPU
		{14F56C44-3ECB-4822-9B23-B8B4A6BBF034}.Release|Any CPU.ActiveCfg = Release|Any CPU
		{14F56C44-3ECB-4822-9B23-B8B4A6BBF034}.Release|Any CPU.Build.0 = Release|Any CPU
	EndGlobalSection
	GlobalSection(SolutionProperties) = preSolution
		HideSolutionNode = FALSE
	EndGlobalSection
	GlobalSection(ExtensibilityGlobals) = postSolution
		SolutionGuid = {1AC21752-9A11-46EF-BF01-B0EDF88513BC}
	EndGlobalSection
EndGlobal
